<?xml version="1.0" encoding="utf-8"?>
<Project ToolsVersion="4.0" xmlns="http://schemas.microsoft.com/developer/msbuild/2003">
  <ItemGroup>
    <Filter Include="Source Files">
      <UniqueIdentifier>{4FC737F1-C7A5-4376-A066-2A32D752A2FF}</UniqueIdentifier>
      <Extensions>cpp;c;cc;cxx;def;odl;idl;hpj;bat;asm;asmx</Extensions>
    </Filter>
    <Filter Include="Header Files">
      <UniqueIdentifier>{93995380-89BD-4b04-88EB-625FBE52EBFB}</UniqueIdentifier>
      <Extensions>h;hh;hpp;hxx;hm;inl;inc;ipp;xsd</Extensions>
    </Filter>
    <Filter Include="Resource Files">
      <UniqueIdentifier>{67DA6AB6-F800-4c08-8B7A-83BB121AAD01}</UniqueIdentifier>
      <Extensions>rc;ico;cur;bmp;dlg;rc2;rct;bin;rgs;gif;jpg;jpeg;jpe;resx;tiff;tif;png;wav;mfcribbon-ms</Extensions>
    </Filter>
  </ItemGroup>
  <ItemGroup>
    <ClCompile Include="src\amd.c">
      <Filter>Source Files</Filter>
    </ClCompile>
    <ClCompile Include="src\ammod.c">
      <Filter>Source Files</Filter>
    </ClCompile>
    <ClCompile Include="src\amsq.c">
      <Filter>Source Files</Filter>
    </ClCompile>
    <ClCompile Include="src\analyzer.c">
      <Filter>Source Files</Filter>
    </ClCompile>
    <ClCompile Include="src\anf.c">
      <Filter>Source Files</Filter>
    </ClCompile>
    <ClCompile Include="src\anr.c">
      <Filter>Source Files</Filter>
    </ClCompile>
    <ClCompile Include="src\bandpass.c">
      <Filter>Source Files</Filter>
    </ClCompile>
    <ClCompile Include="src\calcc.c">
      <Filter>Source Files</Filter>
    </ClCompile>
    <ClCompile Include="src\cblock.c">
      <Filter>Source Files</Filter>
    </ClCompile>
    <ClCompile Include="src\channel.c">
      <Filter>Source Files</Filter>
    </ClCompile>
    <ClCompile Include="src\compress.c">
      <Filter>Source Files</Filter>
    </ClCompile>
    <ClCompile Include="src\delay.c">
      <Filter>Source Files</Filter>
    </ClCompile>
    <ClCompile Include="src\div.c">
      <Filter>Source Files</Filter>
    </ClCompile>
    <ClCompile Include="src\eer.c">
      <Filter>Source Files</Filter>
    </ClCompile>
    <ClCompile Include="src\emph.c">
      <Filter>Source Files</Filter>
    </ClCompile>
    <ClCompile Include="src\eq.c">
      <Filter>Source Files</Filter>
    </ClCompile>
    <ClCompile Include="src\fcurve.c">
      <Filter>Source Files</Filter>
    </ClCompile>
    <ClCompile Include="src\fir.c">
      <Filter>Source Files</Filter>
    </ClCompile>
    <ClCompile Include="src\fmd.c">
      <Filter>Source Files</Filter>
    </ClCompile>
    <ClCompile Include="src\fmmod.c">
      <Filter>Source Files</Filter>
    </ClCompile>
    <ClCompile Include="src\fmsq.c">
      <Filter>Source Files</Filter>
    </ClCompile>
    <ClCompile Include="src\gain.c">
      <Filter>Source Files</Filter>
    </ClCompile>
    <ClCompile Include="src\gen.c">
      <Filter>Source Files</Filter>
    </ClCompile>
    <ClCompile Include="src\iir.c">
      <Filter>Source Files</Filter>
    </ClCompile>
    <ClCompile Include="src\iobuffs.c">
      <Filter>Source Files</Filter>
    </ClCompile>
    <ClCompile Include="src\iqc.c">
      <Filter>Source Files</Filter>
    </ClCompile>
    <ClCompile Include="src\main.c">
      <Filter>Source Files</Filter>
    </ClCompile>
    <ClCompile Include="src\meter.c">
      <Filter>Source Files</Filter>
    </ClCompile>
    <ClCompile Include="src\meterlog10.c">
      <Filter>Source Files</Filter>
    </ClCompile>
    <ClCompile Include="src\nob.c">
      <Filter>Source Files</Filter>
    </ClCompile>
    <ClCompile Include="src\patchpanel.c">
      <Filter>Source Files</Filter>
    </ClCompile>
    <ClCompile Include="src\resample.c">
      <Filter>Source Files</Filter>
    </ClCompile>
    <ClCompile Include="src\RXA.c">
      <Filter>Source Files</Filter>
    </ClCompile>
    <ClCompile Include="src\sender.c">
      <Filter>Source Files</Filter>
    </ClCompile>
    <ClCompile Include="src\shift.c">
      <Filter>Source Files</Filter>
    </ClCompile>
    <ClCompile Include="src\siphon.c">
      <Filter>Source Files</Filter>
    </ClCompile>
    <ClCompile Include="src\slew.c">
      <Filter>Source Files</Filter>
    </ClCompile>
    <ClCompile Include="src\TXA.c">
      <Filter>Source Files</Filter>
    </ClCompile>
    <ClCompile Include="src\utilities.c">
      <Filter>Source Files</Filter>
    </ClCompile>
    <ClCompile Include="src\wcpAGC.c">
      <Filter>Source Files</Filter>
    </ClCompile>
    <ClCompile Include="src\wisdom.c">
      <Filter>Source Files</Filter>
    </ClCompile>
  </ItemGroup>
  <ItemGroup>
    <ClInclude Include="src\amd.h">
      <Filter>Header Files</Filter>
    </ClInclude>
    <ClInclude Include="src\ammod.h">
      <Filter>Header Files</Filter>
    </ClInclude>
    <ClInclude Include="src\amsq.h">
      <Filter>Header Files</Filter>
    </ClInclude>
    <ClInclude Include="src\analyzer.h">
      <Filter>Header Files</Filter>
    </ClInclude>
    <ClInclude Include="src\anf.h">
      <Filter>Header Files</Filter>
    </ClInclude>
    <ClInclude Include="src\anr.h">
      <Filter>Header Files</Filter>
    </ClInclude>
    <ClInclude Include="src\bandpass.h">
      <Filter>Header Files</Filter>
    </ClInclude>
    <ClInclude Include="src\calcc.h">
      <Filter>Header Files</Filter>
    </ClInclude>
    <ClInclude Include="src\cblock.h">
      <Filter>Header Files</Filter>
    </ClInclude>
    <ClInclude Include="src\channel.h">
      <Filter>Header Files</Filter>
    </ClInclude>
    <ClInclude Include="src\comm.h">
      <Filter>Header Files</Filter>
    </ClInclude>
    <ClInclude Include="src\compress.h">
      <Filter>Header Files</Filter>
    </ClInclude>
    <ClInclude Include="src\delay.h">
      <Filter>Header Files</Filter>
    </ClInclude>
    <ClInclude Include="src\div.h">
      <Filter>Header Files</Filter>
    </ClInclude>
    <ClInclude Include="src\eer.h">
      <Filter>Header Files</Filter>
    </ClInclude>
    <ClInclude Include="src\emph.h">
      <Filter>Header Files</Filter>
    </ClInclude>
    <ClInclude Include="src\eq.h">
      <Filter>Header Files</Filter>
    </ClInclude>
    <ClInclude Include="src\fcurve.h">
      <Filter>Header Files</Filter>
    </ClInclude>
    <ClInclude Include="src\fftw3.h">
      <Filter>Header Files</Filter>
    </ClInclude>
    <ClInclude Include="src\fir.h">
      <Filter>Header Files</Filter>
    </ClInclude>
    <ClInclude Include="src\fmd.h">
      <Filter>Header Files</Filter>
    </ClInclude>
    <ClInclude Include="src\fmmod.h">
      <Filter>Header Files</Filter>
    </ClInclude>
    <ClInclude Include="src\fmsq.h">
      <Filter>Header Files</Filter>
    </ClInclude>
    <ClInclude Include="src\gain.h">
      <Filter>Header Files</Filter>
    </ClInclude>
    <ClInclude Include="src\gen.h">
      <Filter>Header Files</Filter>
    </ClInclude>
    <ClInclude Include="src\iir.h">
      <Filter>Header Files</Filter>
    </ClInclude>
    <ClInclude Include="src\iobuffs.h">
      <Filter>Header Files</Filter>
    </ClInclude>
    <ClInclude Include="src\iqc.h">
      <Filter>Header Files</Filter>
    </ClInclude>
    <ClInclude Include="src\main.h">
      <Filter>Header Files</Filter>
    </ClInclude>
    <ClInclude Include="src\meter.h">
      <Filter>Header Files</Filter>
    </ClInclude>
    <ClInclude Include="src\meterlog10.h">
      <Filter>Header Files</Filter>
    </ClInclude>
    <ClInclude Include="src\nob.h">
      <Filter>Header Files</Filter>
    </ClInclude>
    <ClInclude Include="src\patchpanel.h">
      <Filter>Header Files</Filter>
    </ClInclude>
    <ClInclude Include="src\resample.h">
      <Filter>Header Files</Filter>
    </ClInclude>
    <ClInclude Include="src\RXA.h">
      <Filter>Header Files</Filter>
    </ClInclude>
    <ClInclude Include="src\sender.h">
      <Filter>Header Files</Filter>
    </ClInclude>
    <ClInclude Include="src\shift.h">
      <Filter>Header Files</Filter>
    </ClInclude>
    <ClInclude Include="src\siphon.h">
      <Filter>Header Files</Filter>
    </ClInclude>
    <ClInclude Include="src\slew.h">
      <Filter>Header Files</Filter>
    </ClInclude>
    <ClInclude Include="src\TXA.h">
      <Filter>Header Files</Filter>
    </ClInclude>
    <ClInclude Include="src\utilities.h">
      <Filter>Header Files</Filter>
    </ClInclude>
    <ClInclude Include="src\wcpAGC.h">
      <Filter>Header Files</Filter>
    </ClInclude>
    <ClInclude Include="src\wisdom.h">
      <Filter>Header Files</Filter>
    </ClInclude>
  </ItemGroup>
</Project>